
Microsoft Visual Studio Solution File, Format Version 12.00
# Visual Studio Version 17
VisualStudioVersion = 17.11.35303.130
MinimumVisualStudioVersion = 10.0.40219.1
Project("{2150E333-8FDC-42A3-9474-1A3956D46DE8}") = "Task0", "Task0", "{73854CEB-C775-4811-88B9-82019F56E9E8}"
EndProject
Project("{FAE04EC0-301F-11D3-BF4B-00C04F79EFBC}") = "Tyuiu.ChashkovTA.Sprint0.Task0.V0", "Tyuiu.ChashkovTA.Sprint0.Task0.V0\Tyuiu.ChashkovTA.Sprint0.Task0.V0.csproj", "{1E0E39AA-C912-4D76-8192-1519F4F298C5}"
EndProject
Project("{2150E333-8FDC-42A3-9474-1A3956D46DE8}") = "Task1", "Task1", "{D3693D08-5A3B-48A4-8F00-DD2FE99EF1BE}"
EndProject
Project("{FAE04EC0-301F-11D3-BF4B-00C04F79EFBC}") = "Tyuiu.ChashkovTA.Sprint0.Task1.V0", "Tyuiu.ChashkovTA.Sprint0.Task1.V0\Tyuiu.ChashkovTA.Sprint0.Task1.V0.csproj", "{2723579F-A916-4666-B5E9-AEE0F5338F72}"
EndProject
Project("{2150E333-8FDC-42A3-9474-1A3956D46DE8}") = "Task2", "Task2", "{065E7576-28B2-469E-A224-F6984BA90011}"
EndProject
Project("{FAE04EC0-301F-11D3-BF4B-00C04F79EFBC}") = "Tyuiu.ChashkovTA.Sprint0.Task2.V0", "Tyuiu.ChashkovTA.Sprint0.Task2.V0\Tyuiu.ChashkovTA.Sprint0.Task2.V0.csproj", "{BC52AA26-75D2-49B7-9583-9BDA00134D2B}"
EndProject
Project("{FAE04EC0-301F-11D3-BF4B-00C04F79EFBC}") = "Tyuiu.ChashkovTA.Sprint0.Task2.V0.Lib", "Tyuiu.ChashkovTA.Sprint0.Task2.V0.Lib\Tyuiu.ChashkovTA.Sprint0.Task2.V0.Lib.csproj", "{8C25F8B1-029C-4656-99AE-F437CFA46913}"
EndProject
Project("{FAE04EC0-301F-11D3-BF4B-00C04F79EFBC}") = "Tyuiu.ChashkovTA.Sprint0.Task2.V0.Test", "Tyuiu.ChashkovTA.Sprint0.Task2.V0.Test\Tyuiu.ChashkovTA.Sprint0.Task2.V0.Test.csproj", "{28B33AED-E68A-44B5-9888-787F86D4635E}"
EndProject
Project("{2150E333-8FDC-42A3-9474-1A3956D46DE8}") = "Task3", "Task3", "{8376B9E7-79A4-4F71-A9EA-9CD1832E3B6C}"
EndProject
Project("{FAE04EC0-301F-11D3-BF4B-00C04F79EFBC}") = "Tyuiu.ChashkovTA.Sprint0.Task3.V0", "Tyuiu.ChashkovTA.Sprint0.Task3.V0\Tyuiu.ChashkovTA.Sprint0.Task3.V0.csproj", "{023D3C60-D222-410B-B32B-D0A54A3FBEC9}"
EndProject
Project("{FAE04EC0-301F-11D3-BF4B-00C04F79EFBC}") = "Tyuiu.ChashkovTA.Sprint0.Task3.V0.Lib", "Tyuiu.ChashkovTA.Sprint0.Task3.V0.Lib\Tyuiu.ChashkovTA.Sprint0.Task3.V0.Lib.csproj", "{CFC787B6-C0A0-4A5F-8BCF-18B4D5C627CF}"
EndProject
Project("{FAE04EC0-301F-11D3-BF4B-00C04F79EFBC}") = "Tyuiu.ChashkovTA.Sprint0.Task3.V0.Test", "Tyuiu.ChashkovTA.Sprint0.Task3.V0.Test\Tyuiu.ChashkovTA.Sprint0.Task3.V0.Test.csproj", "{F19494BE-9778-4815-84DE-CB02F37E222F}"
EndProject
Project("{2150E333-8FDC-42A3-9474-1A3956D46DE8}") = "Task4", "Task4", "{44B98C95-726D-4962-A074-DB4A8B44D956}"
EndProject
Project("{FAE04EC0-301F-11D3-BF4B-00C04F79EFBC}") = "Tyuiu.ChashkovTA.Sprint0.Task4.V0", "Tyuiu.ChashkovTA.Sprint0.Task4.V0\Tyuiu.ChashkovTA.Sprint0.Task4.V0.csproj", "{45E5522B-896B-47CB-AA01-89A10734162A}"
EndProject
Project("{FAE04EC0-301F-11D3-BF4B-00C04F79EFBC}") = "Tyuiu.ChashkovTA.Sprint0.Task4.V0.Test", "Tyuiu.ChashkovTA.Sprint0.Task4.V0.Test\Tyuiu.ChashkovTA.Sprint0.Task4.V0.Test.csproj", "{01BCAC68-56C6-4356-BC40-8301DF698387}"
EndProject
Project("{FAE04EC0-301F-11D3-BF4B-00C04F79EFBC}") = "Tyuiu.ChashkovTA.Sprint0.Task4.V0.Lib", "Tyuiu.ChashkovTA.Sprint0.Task4.V0.Lib\Tyuiu.ChashkovTA.Sprint0.Task4.V0.Lib.csproj", "{BCFA63D7-B21E-4024-B929-F0194626CF52}"
EndProject
Project("{2150E333-8FDC-42A3-9474-1A3956D46DE8}") = "Task5", "Task5", "{7DCF71DB-CFA2-4E92-B22D-22A22B67055C}"
EndProject
Project("{FAE04EC0-301F-11D3-BF4B-00C04F79EFBC}") = "Tyuiu.ChashkovTA.Sprint0.Task5.V0", "Tyuiu.ChashkovTA.Sprint0.Task5.V0\Tyuiu.ChashkovTA.Sprint0.Task5.V0.csproj", "{0B9214F7-B44A-4DDF-96DC-9CC741696499}"
EndProject
Project("{FAE04EC0-301F-11D3-BF4B-00C04F79EFBC}") = "Tyuiu.ChashkovTA.Sprint0.Task5.V0.Lib", "Tyuiu.ChashkovTA.Sprint0.Task5.V0.Lib\Tyuiu.ChashkovTA.Sprint0.Task5.V0.Lib.csproj", "{321ECF03-CA42-40AE-8CB3-E525FB3CE241}"
EndProject
Project("{FAE04EC0-301F-11D3-BF4B-00C04F79EFBC}") = "Tyuiu.ChashkovTA.Sprint0.Task5.V0.Test", "Tyuiu.ChashkovTA.Sprint0.Task5.V0.Test\Tyuiu.ChashkovTA.Sprint0.Task5.V0.Test.csproj", "{C0B53425-C528-4E11-9798-A210CC3B65A0}"
EndProject
Project("{2150E333-8FDC-42A3-9474-1A3956D46DE8}") = "Task6", "Task6", "{1CD5BFC4-9FD3-4DCE-8ADD-8DA00DA83BD2}"
EndProject
Project("{FAE04EC0-301F-11D3-BF4B-00C04F79EFBC}") = "Tyuiu.ChashkovTA.Sprint0.Task6.V0", "Tyuiu.ChashkovTA.Sprint0.Task6.V0\Tyuiu.ChashkovTA.Sprint0.Task6.V0.csproj", "{B546BBBB-CE2C-46A3-A9AE-7A718054BDD6}"
EndProject
Project("{FAE04EC0-301F-11D3-BF4B-00C04F79EFBC}") = "Tyuiu.ChashkovTA.Sprint0.Task6.V0.Lib", "Tyuiu.ChashkovTA.Sprint0.Task6.V0.Lib\Tyuiu.ChashkovTA.Sprint0.Task6.V0.Lib.csproj", "{842ED732-484B-41CE-9BF8-DC3F7E6CFDA9}"
EndProject
Project("{FAE04EC0-301F-11D3-BF4B-00C04F79EFBC}") = "Tyuiu.ChashkovTA.Sprint0.Task6.V0.Test", "Tyuiu.ChashkovTA.Sprint0.Task6.V0.Test\Tyuiu.ChashkovTA.Sprint0.Task6.V0.Test.csproj", "{16BF7FD6-B3DB-41CD-9ED1-ABD25C6292D1}"
EndProject
Project("{2150E333-8FDC-42A3-9474-1A3956D46DE8}") = "Task7", "Task7", "{B461A197-FB80-462F-ACAF-AA40CC0F9782}"
EndProject
Project("{FAE04EC0-301F-11D3-BF4B-00C04F79EFBC}") = "Tyuiu.ChashkovTA.Sprint0.Task7.V0", "Tyuiu.ChashkovTA.Sprint0.Task7.V0\Tyuiu.ChashkovTA.Sprint0.Task7.V0.csproj", "{68133994-EE9E-4E49-8A8D-1CF554CD77D2}"
EndProject
Project("{FAE04EC0-301F-11D3-BF4B-00C04F79EFBC}") = "Tyuiu.ChashkovTA.Sprint0.Task7.V0.Lib", "Tyuiu.ChashkovTA.Sprint0.Task7.V0.Lib\Tyuiu.ChashkovTA.Sprint0.Task7.V0.Lib.csproj", "{39D85928-9B17-43CC-B1FB-182D06D9B548}"
EndProject
Project("{FAE04EC0-301F-11D3-BF4B-00C04F79EFBC}") = "Tyuiu.ChashkovTA.Sprint0.Task7.V0.Test", "Tyuiu.ChashkovTA.Sprint0.Task7.V0.Test\Tyuiu.ChashkovTA.Sprint0.Task7.V0.Test.csproj", "{07E05394-04DD-4B77-ADDA-BFFC7F8D0E92}"
EndProject
Global
	GlobalSection(SolutionConfigurationPlatforms) = preSolution
		Debug|Any CPU = Debug|Any CPU
		Release|Any CPU = Release|Any CPU
	EndGlobalSection
	GlobalSection(ProjectConfigurationPlatforms) = postSolution
		{1E0E39AA-C912-4D76-8192-1519F4F298C5}.Debug|Any CPU.ActiveCfg = Debug|Any CPU
		{1E0E39AA-C912-4D76-8192-1519F4F298C5}.Debug|Any CPU.Build.0 = Debug|Any CPU
		{1E0E39AA-C912-4D76-8192-1519F4F298C5}.Release|Any CPU.ActiveCfg = Release|Any CPU
		{1E0E39AA-C912-4D76-8192-1519F4F298C5}.Release|Any CPU.Build.0 = Release|Any CPU
		{2723579F-A916-4666-B5E9-AEE0F5338F72}.Debug|Any CPU.ActiveCfg = Debug|Any CPU
		{2723579F-A916-4666-B5E9-AEE0F5338F72}.Debug|Any CPU.Build.0 = Debug|Any CPU
		{2723579F-A916-4666-B5E9-AEE0F5338F72}.Release|Any CPU.ActiveCfg = Release|Any CPU
		{2723579F-A916-4666-B5E9-AEE0F5338F72}.Release|Any CPU.Build.0 = Release|Any CPU
		{BC52AA26-75D2-49B7-9583-9BDA00134D2B}.Debug|Any CPU.ActiveCfg = Debug|Any CPU
		{BC52AA26-75D2-49B7-9583-9BDA00134D2B}.Debug|Any CPU.Build.0 = Debug|Any CPU
		{BC52AA26-75D2-49B7-9583-9BDA00134D2B}.Release|Any CPU.ActiveCfg = Release|Any CPU
		{BC52AA26-75D2-49B7-9583-9BDA00134D2B}.Release|Any CPU.Build.0 = Release|Any CPU
		{8C25F8B1-029C-4656-99AE-F437CFA46913}.Debug|Any CPU.ActiveCfg = Debug|Any CPU
		{8C25F8B1-029C-4656-99AE-F437CFA46913}.Debug|Any CPU.Build.0 = Debug|Any CPU
		{8C25F8B1-029C-4656-99AE-F437CFA46913}.Release|Any CPU.ActiveCfg = Release|Any CPU
		{8C25F8B1-029C-4656-99AE-F437CFA46913}.Release|Any CPU.Build.0 = Release|Any CPU
		{28B33AED-E68A-44B5-9888-787F86D4635E}.Debug|Any CPU.ActiveCfg = Debug|Any CPU
		{28B33AED-E68A-44B5-9888-787F86D4635E}.Debug|Any CPU.Build.0 = Debug|Any CPU
		{28B33AED-E68A-44B5-9888-787F86D4635E}.Release|Any CPU.ActiveCfg = Release|Any CPU
		{28B33AED-E68A-44B5-9888-787F86D4635E}.Release|Any CPU.Build.0 = Release|Any CPU
		{023D3C60-D222-410B-B32B-D0A54A3FBEC9}.Debug|Any CPU.ActiveCfg = Debug|Any CPU
		{023D3C60-D222-410B-B32B-D0A54A3FBEC9}.Debug|Any CPU.Build.0 = Debug|Any CPU
		{023D3C60-D222-410B-B32B-D0A54A3FBEC9}.Release|Any CPU.ActiveCfg = Release|Any CPU
		{023D3C60-D222-410B-B32B-D0A54A3FBEC9}.Release|Any CPU.Build.0 = Release|Any CPU
		{CFC787B6-C0A0-4A5F-8BCF-18B4D5C627CF}.Debug|Any CPU.ActiveCfg = Debug|Any CPU
		{CFC787B6-C0A0-4A5F-8BCF-18B4D5C627CF}.Debug|Any CPU.Build.0 = Debug|Any CPU
		{CFC787B6-C0A0-4A5F-8BCF-18B4D5C627CF}.Release|Any CPU.ActiveCfg = Release|Any CPU
		{CFC787B6-C0A0-4A5F-8BCF-18B4D5C627CF}.Release|Any CPU.Build.0 = Release|Any CPU
		{F19494BE-9778-4815-84DE-CB02F37E222F}.Debug|Any CPU.ActiveCfg = Debug|Any CPU
		{F19494BE-9778-4815-84DE-CB02F37E222F}.Debug|Any CPU.Build.0 = Debug|Any CPU
		{F19494BE-9778-4815-84DE-CB02F37E222F}.Release|Any CPU.ActiveCfg = Release|Any CPU
		{F19494BE-9778-4815-84DE-CB02F37E222F}.Release|Any CPU.Build.0 = Release|Any CPU
		{45E5522B-896B-47CB-AA01-89A10734162A}.Debug|Any CPU.ActiveCfg = Debug|Any CPU
		{45E5522B-896B-47CB-AA01-89A10734162A}.Debug|Any CPU.Build.0 = Debug|Any CPU
		{45E5522B-896B-47CB-AA01-89A10734162A}.Release|Any CPU.ActiveCfg = Release|Any CPU
		{45E5522B-896B-47CB-AA01-89A10734162A}.Release|Any CPU.Build.0 = Release|Any CPU
		{01BCAC68-56C6-4356-BC40-8301DF698387}.Debug|Any CPU.ActiveCfg = Debug|Any CPU
		{01BCAC68-56C6-4356-BC40-8301DF698387}.Debug|Any CPU.Build.0 = Debug|Any CPU
		{01BCAC68-56C6-4356-BC40-8301DF698387}.Release|Any CPU.ActiveCfg = Release|Any CPU
		{01BCAC68-56C6-4356-BC40-8301DF698387}.Release|Any CPU.Build.0 = Release|Any CPU
		{BCFA63D7-B21E-4024-B929-F0194626CF52}.Debug|Any CPU.ActiveCfg = Debug|Any CPU
		{BCFA63D7-B21E-4024-B929-F0194626CF52}.Debug|Any CPU.Build.0 = Debug|Any CPU
		{BCFA63D7-B21E-4024-B929-F0194626CF52}.Release|Any CPU.ActiveCfg = Release|Any CPU
		{BCFA63D7-B21E-4024-B929-F0194626CF52}.Release|Any CPU.Build.0 = Release|Any CPU
		{0B9214F7-B44A-4DDF-96DC-9CC741696499}.Debug|Any CPU.ActiveCfg = Debug|Any CPU
		{0B9214F7-B44A-4DDF-96DC-9CC741696499}.Debug|Any CPU.Build.0 = Debug|Any CPU
		{0B9214F7-B44A-4DDF-96DC-9CC741696499}.Release|Any CPU.ActiveCfg = Release|Any CPU
		{0B9214F7-B44A-4DDF-96DC-9CC741696499}.Release|Any CPU.Build.0 = Release|Any CPU
		{321ECF03-CA42-40AE-8CB3-E525FB3CE241}.Debug|Any CPU.ActiveCfg = Debug|Any CPU
		{321ECF03-CA42-40AE-8CB3-E525FB3CE241}.Debug|Any CPU.Build.0 = Debug|Any CPU
		{321ECF03-CA42-40AE-8CB3-E525FB3CE241}.Release|Any CPU.ActiveCfg = Release|Any CPU
		{321ECF03-CA42-40AE-8CB3-E525FB3CE241}.Release|Any CPU.Build.0 = Release|Any CPU
		{C0B53425-C528-4E11-9798-A210CC3B65A0}.Debug|Any CPU.ActiveCfg = Debug|Any CPU
		{C0B53425-C528-4E11-9798-A210CC3B65A0}.Debug|Any CPU.Build.0 = Debug|Any CPU
		{C0B53425-C528-4E11-9798-A210CC3B65A0}.Release|Any CPU.ActiveCfg = Release|Any CPU
		{C0B53425-C528-4E11-9798-A210CC3B65A0}.Release|Any CPU.Build.0 = Release|Any CPU
		{B546BBBB-CE2C-46A3-A9AE-7A718054BDD6}.Debug|Any CPU.ActiveCfg = Debug|Any CPU
		{B546BBBB-CE2C-46A3-A9AE-7A718054BDD6}.Debug|Any CPU.Build.0 = Debug|Any CPU
		{B546BBBB-CE2C-46A3-A9AE-7A718054BDD6}.Release|Any CPU.ActiveCfg = Release|Any CPU
		{B546BBBB-CE2C-46A3-A9AE-7A718054BDD6}.Release|Any CPU.Build.0 = Release|Any CPU
		{842ED732-484B-41CE-9BF8-DC3F7E6CFDA9}.Debug|Any CPU.ActiveCfg = Debug|Any CPU
		{842ED732-484B-41CE-9BF8-DC3F7E6CFDA9}.Debug|Any CPU.Build.0 = Debug|Any CPU
		{842ED732-484B-41CE-9BF8-DC3F7E6CFDA9}.Release|Any CPU.ActiveCfg = Release|Any CPU
		{842ED732-484B-41CE-9BF8-DC3F7E6CFDA9}.Release|Any CPU.Build.0 = Release|Any CPU
		{16BF7FD6-B3DB-41CD-9ED1-ABD25C6292D1}.Debug|Any CPU.ActiveCfg = Debug|Any CPU
		{16BF7FD6-B3DB-41CD-9ED1-ABD25C6292D1}.Debug|Any CPU.Build.0 = Debug|Any CPU
		{16BF7FD6-B3DB-41CD-9ED1-ABD25C6292D1}.Release|Any CPU.ActiveCfg = Release|Any CPU
		{16BF7FD6-B3DB-41CD-9ED1-ABD25C6292D1}.Release|Any CPU.Build.0 = Release|Any CPU
		{68133994-EE9E-4E49-8A8D-1CF554CD77D2}.Debug|Any CPU.ActiveCfg = Debug|Any CPU
		{68133994-EE9E-4E49-8A8D-1CF554CD77D2}.Debug|Any CPU.Build.0 = Debug|Any CPU
		{68133994-EE9E-4E49-8A8D-1CF554CD77D2}.Release|Any CPU.ActiveCfg = Release|Any CPU
		{68133994-EE9E-4E49-8A8D-1CF554CD77D2}.Release|Any CPU.Build.0 = Release|Any CPU
		{39D85928-9B17-43CC-B1FB-182D06D9B548}.Debug|Any CPU.ActiveCfg = Debug|Any CPU
		{39D85928-9B17-43CC-B1FB-182D06D9B548}.Debug|Any CPU.Build.0 = Debug|Any CPU
		{39D85928-9B17-43CC-B1FB-182D06D9B548}.Release|Any CPU.ActiveCfg = Release|Any CPU
		{39D85928-9B17-43CC-B1FB-182D06D9B548}.Release|Any CPU.Build.0 = Release|Any CPU
		{07E05394-04DD-4B77-ADDA-BFFC7F8D0E92}.Debug|Any CPU.ActiveCfg = Debug|Any CPU
		{07E05394-04DD-4B77-ADDA-BFFC7F8D0E92}.Debug|Any CPU.Build.0 = Debug|Any CPU
		{07E05394-04DD-4B77-ADDA-BFFC7F8D0E92}.Release|Any CPU.ActiveCfg = Release|Any CPU
		{07E05394-04DD-4B77-ADDA-BFFC7F8D0E92}.Release|Any CPU.Build.0 = Release|Any CPU
	EndGlobalSection
	GlobalSection(SolutionProperties) = preSolution
		HideSolutionNode = FALSE
	EndGlobalSection
	GlobalSection(NestedProjects) = preSolution
		{1E0E39AA-C912-4D76-8192-1519F4F298C5} = {73854CEB-C775-4811-88B9-82019F56E9E8}
		{2723579F-A916-4666-B5E9-AEE0F5338F72} = {D3693D08-5A3B-48A4-8F00-DD2FE99EF1BE}
		{BC52AA26-75D2-49B7-9583-9BDA00134D2B} = {065E7576-28B2-469E-A224-F6984BA90011}
		{8C25F8B1-029C-4656-99AE-F437CFA46913} = {065E7576-28B2-469E-A224-F6984BA90011}
		{28B33AED-E68A-44B5-9888-787F86D4635E} = {065E7576-28B2-469E-A224-F6984BA90011}
		{023D3C60-D222-410B-B32B-D0A54A3FBEC9} = {8376B9E7-79A4-4F71-A9EA-9CD1832E3B6C}
		{CFC787B6-C0A0-4A5F-8BCF-18B4D5C627CF} = {8376B9E7-79A4-4F71-A9EA-9CD1832E3B6C}
		{F19494BE-9778-4815-84DE-CB02F37E222F} = {8376B9E7-79A4-4F71-A9EA-9CD1832E3B6C}
		{45E5522B-896B-47CB-AA01-89A10734162A} = {44B98C95-726D-4962-A074-DB4A8B44D956}
		{01BCAC68-56C6-4356-BC40-8301DF698387} = {44B98C95-726D-4962-A074-DB4A8B44D956}
		{BCFA63D7-B21E-4024-B929-F0194626CF52} = {44B98C95-726D-4962-A074-DB4A8B44D956}
		{0B9214F7-B44A-4DDF-96DC-9CC741696499} = {7DCF71DB-CFA2-4E92-B22D-22A22B67055C}
		{321ECF03-CA42-40AE-8CB3-E525FB3CE241} = {7DCF71DB-CFA2-4E92-B22D-22A22B67055C}
		{C0B53425-C528-4E11-9798-A210CC3B65A0} = {7DCF71DB-CFA2-4E92-B22D-22A22B67055C}
		{B546BBBB-CE2C-46A3-A9AE-7A718054BDD6} = {1CD5BFC4-9FD3-4DCE-8ADD-8DA00DA83BD2}
		{842ED732-484B-41CE-9BF8-DC3F7E6CFDA9} = {1CD5BFC4-9FD3-4DCE-8ADD-8DA00DA83BD2}
		{16BF7FD6-B3DB-41CD-9ED1-ABD25C6292D1} = {1CD5BFC4-9FD3-4DCE-8ADD-8DA00DA83BD2}
		{68133994-EE9E-4E49-8A8D-1CF554CD77D2} = {B461A197-FB80-462F-ACAF-AA40CC0F9782}
		{39D85928-9B17-43CC-B1FB-182D06D9B548} = {B461A197-FB80-462F-ACAF-AA40CC0F9782}
		{07E05394-04DD-4B77-ADDA-BFFC7F8D0E92} = {B461A197-FB80-462F-ACAF-AA40CC0F9782}
	EndGlobalSection
	GlobalSection(ExtensibilityGlobals) = postSolution
		SolutionGuid = {2E6D0296-771A-4F3B-89B1-9207284C4E49}
	EndGlobalSection
EndGlobal
